
Microsoft Visual Studio Solution File, Format Version 12.00
# Visual Studio Version 16
VisualStudioVersion = 16.0.32413.511
MinimumVisualStudioVersion = 10.0.40219.1
Project("{FAE04EC0-301F-11D3-BF4B-00C04F79EFBC}") = "Steganography", "Steganography\Steganography.csproj", "{818B748A-9349-4623-AE7E-0EFE519A1B2E}"
EndProject
Global
	GlobalSection(SolutionConfigurationPlatforms) = preSolution
		Debug|Any CPU = Debug|Any CPU
		Release|Any CPU = Release|Any CPU
	EndGlobalSection
	GlobalSection(ProjectConfigurationPlatforms) = postSolution
		{818B748A-9349-4623-AE7E-0EFE519A1B2E}.Debug|Any CPU.ActiveCfg = Debug|Any CPU
		{818B748A-9349-4623-AE7E-0EFE519A1B2E}.Debug|Any CPU.Build.0 = Debug|Any CPU
		{818B748A-9349-4623-AE7E-0EFE519A1B2E}.Release|Any CPU.ActiveCfg = Release|Any CPU
		{818B748A-9349-4623-AE7E-0EFE519A1B2E}.Release|Any CPU.Build.0 = Release|Any CPU
	EndGlobalSection
	GlobalSection(SolutionProperties) = preSolution
		HideSolutionNode = FALSE
	EndGlobalSection
	GlobalSection(ExtensibilityGlobals) = postSolution
		SolutionGuid = {FA8BF64D-E742-447E-BE9B-A4CB8E98D3D7}
	EndGlobalSection
EndGlobal
